
Microsoft Visual Studio Solution File, Format Version 12.00
# Visual Studio Version 17
VisualStudioVersion = 17.1.32210.238
MinimumVisualStudioVersion = 10.0.40219.1
Project("{FAE04EC0-301F-11D3-BF4B-00C04F79EFBC}") = "Notes.Android", "Notes.Android\Notes.Android.csproj", "{7208401B-D449-44FA-9E6C-F14E5809BA81}"
EndProject
Project("{FAE04EC0-301F-11D3-BF4B-00C04F79EFBC}") = "Notes.iOS", "Notes.iOS\Notes.iOS.csproj", "{5266BD13-3B09-4A38-BA0A-CADE676C957C}"
EndProject
Project("{FAE04EC0-301F-11D3-BF4B-00C04F79EFBC}") = "Notes", "Notes\Notes.csproj", "{54811240-9A23-49BC-98E7-2151944B4E70}"
EndProject
Global
	GlobalSection(SolutionConfigurationPlatforms) = preSolution
		Debug|Any CPU = Debug|Any CPU
		Debug|iPhone = Debug|iPhone
		Debug|iPhoneSimulator = Debug|iPhoneSimulator
		Release|Any CPU = Release|Any CPU
		Release|iPhone = Release|iPhone
		Release|iPhoneSimulator = Release|iPhoneSimulator
	EndGlobalSection
	GlobalSection(ProjectConfigurationPlatforms) = postSolution
		{7208401B-D449-44FA-9E6C-F14E5809BA81}.Debug|Any CPU.ActiveCfg = Debug|Any CPU
		{7208401B-D449-44FA-9E6C-F14E5809BA81}.Debug|Any CPU.Build.0 = Debug|Any CPU
		{7208401B-D449-44FA-9E6C-F14E5809BA81}.Debug|Any CPU.Deploy.0 = Debug|Any CPU
		{7208401B-D449-44FA-9E6C-F14E5809BA81}.Debug|iPhone.ActiveCfg = Debug|Any CPU
		{7208401B-D449-44FA-9E6C-F14E5809BA81}.Debug|iPhone.Build.0 = Debug|Any CPU
		{7208401B-D449-44FA-9E6C-F14E5809BA81}.Debug|iPhone.Deploy.0 = Debug|Any CPU
		{7208401B-D449-44FA-9E6C-F14E5809BA81}.Debug|iPhoneSimulator.ActiveCfg = Debug|Any CPU
		{7208401B-D449-44FA-9E6C-F14E5809BA81}.Debug|iPhoneSimulator.Build.0 = Debug|Any CPU
		{7208401B-D449-44FA-9E6C-F14E5809BA81}.Debug|iPhoneSimulator.Deploy.0 = Debug|Any CPU
		{7208401B-D449-44FA-9E6C-F14E5809BA81}.Release|Any CPU.ActiveCfg = Release|Any CPU
		{7208401B-D449-44FA-9E6C-F14E5809BA81}.Release|Any CPU.Build.0 = Release|Any CPU
		{7208401B-D449-44FA-9E6C-F14E5809BA81}.Release|Any CPU.Deploy.0 = Release|Any CPU
		{7208401B-D449-44FA-9E6C-F14E5809BA81}.Release|iPhone.ActiveCfg = Release|Any CPU
		{7208401B-D449-44FA-9E6C-F14E5809BA81}.Release|iPhone.Build.0 = Release|Any CPU
		{7208401B-D449-44FA-9E6C-F14E5809BA81}.Release|iPhone.Deploy.0 = Release|Any CPU
		{7208401B-D449-44FA-9E6C-F14E5809BA81}.Release|iPhoneSimulator.ActiveCfg = Release|Any CPU
		{7208401B-D449-44FA-9E6C-F14E5809BA81}.Release|iPhoneSimulator.Build.0 = Release|Any CPU
		{7208401B-D449-44FA-9E6C-F14E5809BA81}.Release|iPhoneSimulator.Deploy.0 = Release|Any CPU
		{5266BD13-3B09-4A38-BA0A-CADE676C957C}.Debug|Any CPU.ActiveCfg = Debug|iPhone
		{5266BD13-3B09-4A38-BA0A-CADE676C957C}.Debug|Any CPU.Build.0 = Debug|iPhone
		{5266BD13-3B09-4A38-BA0A-CADE676C957C}.Debug|Any CPU.Deploy.0 = Debug|iPhone
		{5266BD13-3B09-4A38-BA0A-CADE676C957C}.Debug|iPhone.ActiveCfg = Debug|iPhone
		{5266BD13-3B09-4A38-BA0A-CADE676C957C}.Debug|iPhone.Build.0 = Debug|iPhone
		{5266BD13-3B09-4A38-BA0A-CADE676C957C}.Debug|iPhone.Deploy.0 = Debug|iPhone
		{5266BD13-3B09-4A38-BA0A-CADE676C957C}.Debug|iPhoneSimulator.ActiveCfg = Debug|iPhoneSimulator
		{5266BD13-3B09-4A38-BA0A-CADE676C957C}.Debug|iPhoneSimulator.Build.0 = Debug|iPhoneSimulator
		{5266BD13-3B09-4A38-BA0A-CADE676C957C}.Debug|iPhoneSimulator.Deploy.0 = Debug|iPhoneSimulator
		{5266BD13-3B09-4A38-BA0A-CADE676C957C}.Release|Any CPU.ActiveCfg = Release|iPhoneSimulator
		{5266BD13-3B09-4A38-BA0A-CADE676C957C}.Release|Any CPU.Build.0 = Release|iPhoneSimulator
		{5266BD13-3B09-4A38-BA0A-CADE676C957C}.Release|Any CPU.Deploy.0 = Release|iPhoneSimulator
		{5266BD13-3B09-4A38-BA0A-CADE676C957C}.Release|iPhone.ActiveCfg = Release|iPhone
		{5266BD13-3B09-4A38-BA0A-CADE676C957C}.Release|iPhone.Build.0 = Release|iPhone
		{5266BD13-3B09-4A38-BA0A-CADE676C957C}.Release|iPhone.Deploy.0 = Release|iPhone
		{5266BD13-3B09-4A38-BA0A-CADE676C957C}.Release|iPhoneSimulator.ActiveCfg = Release|iPhoneSimulator
		{5266BD13-3B09-4A38-BA0A-CADE676C957C}.Release|iPhoneSimulator.Build.0 = Release|iPhoneSimulator
		{5266BD13-3B09-4A38-BA0A-CADE676C957C}.Release|iPhoneSimulator.Deploy.0 = Release|iPhoneSimulator
		{54811240-9A23-49BC-98E7-2151944B4E70}.Debug|Any CPU.ActiveCfg = Debug|Any CPU
		{54811240-9A23-49BC-98E7-2151944B4E70}.Debug|Any CPU.Build.0 = Debug|Any CPU
		{54811240-9A23-49BC-98E7-2151944B4E70}.Debug|Any CPU.Deploy.0 = Debug|Any CPU
		{54811240-9A23-49BC-98E7-2151944B4E70}.Debug|iPhone.ActiveCfg = Debug|Any CPU
		{54811240-9A23-49BC-98E7-2151944B4E70}.Debug|iPhone.Build.0 = Debug|Any CPU
		{54811240-9A23-49BC-98E7-2151944B4E70}.Debug|iPhone.Deploy.0 = Debug|Any CPU
		{54811240-9A23-49BC-98E7-2151944B4E70}.Debug|iPhoneSimulator.ActiveCfg = Debug|Any CPU
		{54811240-9A23-49BC-98E7-2151944B4E70}.Debug|iPhoneSimulator.Build.0 = Debug|Any CPU
		{54811240-9A23-49BC-98E7-2151944B4E70}.Debug|iPhoneSimulator.Deploy.0 = Debug|Any CPU
		{54811240-9A23-49BC-98E7-2151944B4E70}.Release|Any CPU.ActiveCfg = Release|Any CPU
		{54811240-9A23-49BC-98E7-2151944B4E70}.Release|Any CPU.Build.0 = Release|Any CPU
		{54811240-9A23-49BC-98E7-2151944B4E70}.Release|Any CPU.Deploy.0 = Release|Any CPU
		{54811240-9A23-49BC-98E7-2151944B4E70}.Release|iPhone.ActiveCfg = Release|Any CPU
		{54811240-9A23-49BC-98E7-2151944B4E70}.Release|iPhone.Build.0 = Release|Any CPU
		{54811240-9A23-49BC-98E7-2151944B4E70}.Release|iPhone.Deploy.0 = Release|Any CPU
		{54811240-9A23-49BC-98E7-2151944B4E70}.Release|iPhoneSimulator.ActiveCfg = Release|Any CPU
		{54811240-9A23-49BC-98E7-2151944B4E70}.Release|iPhoneSimulator.Build.0 = Release|Any CPU
		{54811240-9A23-49BC-98E7-2151944B4E70}.Release|iPhoneSimulator.Deploy.0 = Release|Any CPU
	EndGlobalSection
	GlobalSection(SolutionProperties) = preSolution
		HideSolutionNode = FALSE
	EndGlobalSection
	GlobalSection(ExtensibilityGlobals) = postSolution
		SolutionGuid = {77FA6A76-B537-41AE-B079-427637918FE1}
	EndGlobalSection
EndGlobal
